
Microsoft Visual Studio Solution File, Format Version 12.00
# Visual Studio Version 16
VisualStudioVersion = 16.0.29613.14
MinimumVisualStudioVersion = 10.0.40219.1
Project("{8BC9CEB8-8B4A-11D0-8D11-00A0C91BC942}") = "lab1meth", "lab1meth.vcxproj", "{C4A10DCA-4CF0-4FB0-A8D9-22DE23C05117}"
EndProject
Global
	GlobalSection(SolutionConfigurationPlatforms) = preSolution
		Debug|x64 = Debug|x64
		Debug|x86 = Debug|x86
		Release|x64 = Release|x64
		Release|x86 = Release|x86
	EndGlobalSection
	GlobalSection(ProjectConfigurationPlatforms) = postSolution
		{C4A10DCA-4CF0-4FB0-A8D9-22DE23C05117}.Debug|x64.ActiveCfg = Debug|x64
		{C4A10DCA-4CF0-4FB0-A8D9-22DE23C05117}.Debug|x64.Build.0 = Debug|x64
		{C4A10DCA-4CF0-4FB0-A8D9-22DE23C05117}.Debug|x86.ActiveCfg = Debug|Win32
		{C4A10DCA-4CF0-4FB0-A8D9-22DE23C05117}.Debug|x86.Build.0 = Debug|Win32
		{C4A10DCA-4CF0-4FB0-A8D9-22DE23C05117}.Release|x64.ActiveCfg = Release|x64
		{C4A10DCA-4CF0-4FB0-A8D9-22DE23C05117}.Release|x64.Build.0 = Release|x64
		{C4A10DCA-4CF0-4FB0-A8D9-22DE23C05117}.Release|x86.ActiveCfg = Release|Win32
		{C4A10DCA-4CF0-4FB0-A8D9-22DE23C05117}.Release|x86.Build.0 = Release|Win32
	EndGlobalSection
	GlobalSection(SolutionProperties) = preSolution
		HideSolutionNode = FALSE
	EndGlobalSection
	GlobalSection(ExtensibilityGlobals) = postSolution
		SolutionGuid = {EA6A6B90-359D-46D0-B41A-EF30116E3FAF}
	EndGlobalSection
EndGlobal
